Microsoft Visual Studio Solution File, Format Version 12.00
# Visual Studio Version 17
VisualStudioVersion = 17.5.2.0
MinimumVisualStudioVersion = 10.0.40219.1
Project("{FAE04EC0-301F-11D3-BF4B-00C04F79EFBC}") = "mcp-server-example", "mcp-server-example.csproj", "{9E23A099-5699-E754-0E75-ED4F64CA0978}"
EndProject
Global
	GlobalSection(SolutionConfigurationPlatforms) = preSolution
		Debug|Any CPU = Debug|Any CPU
		Release|Any CPU = Release|Any CPU
	EndGlobalSection
	GlobalSection(ProjectConfigurationPlatforms) = postSolution
		{9E23A099-5699-E754-0E75-ED4F64CA0978}.Debug|Any CPU.ActiveCfg = Debug|Any CPU
		{9E23A099-5699-E754-0E75-ED4F64CA0978}.Debug|Any CPU.Build.0 = Debug|Any CPU
		{9E23A099-5699-E754-0E75-ED4F64CA0978}.Release|Any CPU.ActiveCfg = Release|Any CPU
		{9E23A099-5699-E754-0E75-ED4F64CA0978}.Release|Any CPU.Build.0 = Release|Any CPU
	EndGlobalSection
	GlobalSection(SolutionProperties) = preSolution
		HideSolutionNode = FALSE
	EndGlobalSection
	GlobalSection(ExtensibilityGlobals) = postSolution
		SolutionGuid = {2C153F1E-2DDC-452A-9478-360DC596BF33}
	EndGlobalSection
EndGlobal
